
Microsoft Visual Studio Solution File, Format Version 12.00
# Visual Studio Version 17
VisualStudioVersion = 17.0.31903.59
MinimumVisualStudioVersion = 10.0.40219.1
Project("{FAE04EC0-301F-11D3-BF4B-00C04F79EFBC}") = "TrainSim.Tests", "TrainSim.Tests\TrainSim.Tests.csproj", "{3B168CBD-877F-4827-A79B-7712FE3AFA49}"
EndProject
Project("{FAE04EC0-301F-11D3-BF4B-00C04F79EFBC}") = "TrainSim", "TrainSim\TrainSim.csproj", "{4BBD8C86-90CF-48DD-B6B9-FE7EC9D39624}"
EndProject
Global
	GlobalSection(SolutionConfigurationPlatforms) = preSolution
		Debug|Any CPU = Debug|Any CPU
		Release|Any CPU = Release|Any CPU
	EndGlobalSection
	GlobalSection(SolutionProperties) = preSolution
		HideSolutionNode = FALSE
	EndGlobalSection
	GlobalSection(ProjectConfigurationPlatforms) = postSolution
		{3B168CBD-877F-4827-A79B-7712FE3AFA49}.Debug|Any CPU.ActiveCfg = Debug|Any CPU
		{3B168CBD-877F-4827-A79B-7712FE3AFA49}.Debug|Any CPU.Build.0 = Debug|Any CPU
		{3B168CBD-877F-4827-A79B-7712FE3AFA49}.Release|Any CPU.ActiveCfg = Release|Any CPU
		{3B168CBD-877F-4827-A79B-7712FE3AFA49}.Release|Any CPU.Build.0 = Release|Any CPU
		{4BBD8C86-90CF-48DD-B6B9-FE7EC9D39624}.Debug|Any CPU.ActiveCfg = Debug|Any CPU
		{4BBD8C86-90CF-48DD-B6B9-FE7EC9D39624}.Debug|Any CPU.Build.0 = Debug|Any CPU
		{4BBD8C86-90CF-48DD-B6B9-FE7EC9D39624}.Release|Any CPU.ActiveCfg = Release|Any CPU
		{4BBD8C86-90CF-48DD-B6B9-FE7EC9D39624}.Release|Any CPU.Build.0 = Release|Any CPU
	EndGlobalSection
EndGlobal
